// !$*UTF8*$!
{
	archiveVersion = 1;
	classes = {
	};
	objectVersion = 50;
	objects = {

/* Begin PBXBuildFile section */
		0636593927DF4842002B2D69 /* Operand.swift in Sources */ = {isa = PBXBuildFile; fileRef = 0636593827DF4842002B2D69 /* Operand.swift */; };
		0636594127DF4EA3002B2D69 /* CountOnMeTests.swift in Sources */ = {isa = PBXBuildFile; fileRef = 0636594027DF4EA3002B2D69 /* CountOnMeTests.swift */; };
		0636594827E09AB6002B2D69 /* Notification.swift in Sources */ = {isa = PBXBuildFile; fileRef = 0636594727E09AB6002B2D69 /* Notification.swift */; };
		06A559AA27D7C6A900FC95B6 /* Calculator.swift in Sources */ = {isa = PBXBuildFile; fileRef = 06A559A927D7C6A900FC95B6 /* Calculator.swift */; };
		1FA43BD3224E569900F565CB /* AppDelegate.swift in Sources */ = {isa = PBXBuildFile; fileRef = 1FA43BD2224E569900F565CB /* AppDelegate.swift */; };
		1FA43BD5224E569900F565CB /* ViewController.swift in Sources */ = {isa = PBXBuildFile; fileRef = 1FA43BD4224E569900F565CB /* ViewController.swift */; };
		1FA43BD8224E569900F565CB /* Main.storyboard in Resources */ = {isa = PBXBuildFile; fileRef = 1FA43BD6224E569900F565CB /* Main.storyboard */; };
		1FA43BDA224E569A00F565CB /* Assets.xcassets in Resources */ = {isa = PBXBuildFile; fileRef = 1FA43BD9224E569A00F565CB /* Assets.xcassets */; };
		1FA43BDD224E569A00F565CB /* LaunchScreen.storyboard in Resources */ = {isa = PBXBuildFile; fileRef = 1FA43BDB224E569A00F565CB /* LaunchScreen.storyboard */; };
/* End PBXBuildFile section */

/* Begin PBXContainerItemProxy section */
		0636594227DF4EA3002B2D69 /* PBXContainerItemProxy */ = {
			isa = PBXContainerItemProxy;
			containerPortal = 1FA43BC7224E569900F565CB /* Project object */;
			proxyType = 1;
			remoteGlobalIDString = 1FA43BCE224E569900F565CB;
			remoteInfo = CountOnMe;
		};
/* End PBXContainerItemProxy section */

/* Begin PBXFileReference section */
		0636593827DF4842002B2D69 /* Operand.swift */ = {isa = PBXFileReference; lastKnownFileType = sourcecode.swift; path = Operand.swift; sourceTree = "<group>"; };
		0636593E27DF4EA3002B2D69 /* CountOnMeTests.xctest */ = {isa = PBXFileReference; explicitFileType = wrapper.cfbundle; includeInIndex = 0; path = CountOnMeTests.xctest; sourceTree = BUILT_PRODUCTS_DIR; };
		0636594027DF4EA3002B2D69 /* CountOnMeTests.swift */ = {isa = PBXFileReference; lastKnownFileType = sourcecode.swift; path = CountOnMeTests.swift; sourceTree = "<group>"; };
		0636594727E09AB6002B2D69 /* Notification.swift */ = {isa = PBXFileReference; lastKnownFileType = sourcecode.swift; path = Notification.swift; sourceTree = "<group>"; };
		06A559A927D7C6A900FC95B6 /* Calculator.swift */ = {isa = PBXFileReference; lastKnownFileType = sourcecode.swift; path = Calculator.swift; sourceTree = "<group>"; };
		1FA43BCF224E569900F565CB /* CountOnMe.app */ = {isa = PBXFileReference; explicitFileType = wrapper.application; includeInIndex = 0; path = CountOnMe.app; sourceTree = BUILT_PRODUCTS_DIR; };
		1FA43BD2224E569900F565CB /* AppDelegate.swift */ = {isa = PBXFileReference; lastKnownFileType = sourcecode.swift; path = AppDelegate.swift; sourceTree = "<group>"; };
		1FA43BD4224E569900F565CB /* ViewController.swift */ = {isa = PBXFileReference; lastKnownFileType = sourcecode.swift; path = ViewController.swift; sourceTree = "<group>"; };
		1FA43BD7224E569900F565CB /* Base */ = {isa = PBXFileReference; lastKnownFileType = file.storyboard; name = Base; path = Base.lproj/Main.storyboard; sourceTree = "<group>"; };
		1FA43BD9224E569A00F565CB /* Assets.xcassets */ = {isa = PBXFileReference; lastKnownFileType = folder.assetcatalog; path = Assets.xcassets; sourceTree = "<group>"; };
		1FA43BDC224E569A00F565CB /* Base */ = {isa = PBXFileReference; lastKnownFileType = file.storyboard; name = Base; path = Base.lproj/LaunchScreen.storyboard; sourceTree = "<group>"; };
		1FA43BDE224E569A00F565CB /* Info.plist */ = {isa = PBXFileReference; lastKnownFileType = text.plist.xml; path = Info.plist; sourceTree = "<group>"; };
/* End PBXFileReference section */

/* Begin PBXFrameworksBuildPhase section */
		0636593B27DF4EA3002B2D69 /* Frameworks */ = {
			isa = PBXFrameworksBuildPhase;
			buildActionMask = 2147483647;
			files = (
			);
			runOnlyForDeploymentPostprocessing = 0;
		};
		1FA43BCC224E569900F565CB /* Frameworks */ = {
			isa = PBXFrameworksBuildPhase;
			buildActionMask = 2147483647;
			files = (
			);
			runOnlyForDeploymentPostprocessing = 0;
		};
/* End PBXFrameworksBuildPhase section */

/* Begin PBXGroup section */
		0636593F27DF4EA3002B2D69 /* CountOnMeTests */ = {
			isa = PBXGroup;
			children = (
				0636594027DF4EA3002B2D69 /* CountOnMeTests.swift */,
			);
			path = CountOnMeTests;
			sourceTree = "<group>";
		};
		06A559A427D7C5CF00FC95B6 /* Model */ = {
			isa = PBXGroup;
			children = (
				06A559A927D7C6A900FC95B6 /* Calculator.swift */,
				0636593827DF4842002B2D69 /* Operand.swift */,
			);
			path = Model;
			sourceTree = "<group>";
		};
		06A559A527D7C5D800FC95B6 /* View */ = {
			isa = PBXGroup;
			children = (
				1FA43BD6224E569900F565CB /* Main.storyboard */,
			);
			path = View;
			sourceTree = "<group>";
		};
		06A559A627D7C5DC00FC95B6 /* Controller */ = {
			isa = PBXGroup;
			children = (
				1FA43BD4224E569900F565CB /* ViewController.swift */,
				0636594727E09AB6002B2D69 /* Notification.swift */,
			);
			path = Controller;
			sourceTree = "<group>";
		};
		06A559A827D7C5F000FC95B6 /* Supporting files */ = {
			isa = PBXGroup;
			children = (
				1FA43BDE224E569A00F565CB /* Info.plist */,
				1FA43BDB224E569A00F565CB /* LaunchScreen.storyboard */,
				1FA43BD2224E569900F565CB /* AppDelegate.swift */,
				1FA43BD9224E569A00F565CB /* Assets.xcassets */,
			);
			path = "Supporting files";
			sourceTree = "<group>";
		};
		1FA43BC6224E569900F565CB = {
			isa = PBXGroup;
			children = (
				1FA43BD1224E569900F565CB /* CountOnMe */,
				0636593F27DF4EA3002B2D69 /* CountOnMeTests */,
				1FA43BD0224E569900F565CB /* Products */,
			);
			sourceTree = "<group>";
		};
		1FA43BD0224E569900F565CB /* Products */ = {
			isa = PBXGroup;
			children = (
				1FA43BCF224E569900F565CB /* CountOnMe.app */,
				0636593E27DF4EA3002B2D69 /* CountOnMeTests.xctest */,
			);
			name = Products;
			sourceTree = "<group>";
		};
		1FA43BD1224E569900F565CB /* CountOnMe */ = {
			isa = PBXGroup;
			children = (
				06A559A827D7C5F000FC95B6 /* Supporting files */,
				06A559A627D7C5DC00FC95B6 /* Controller */,
				06A559A527D7C5D800FC95B6 /* View */,
				06A559A427D7C5CF00FC95B6 /* Model */,
			);
			path = CountOnMe;
			sourceTree = "<group>";
		};
/* End PBXGroup section */

/* Begin PBXNativeTarget section */
		0636593D27DF4EA3002B2D69 /* CountOnMeTests */ = {
			isa = PBXNativeTarget;
			buildConfigurationList = 0636594427DF4EA3002B2D69 /* Build configuration list for PBXNativeTarget "CountOnMeTests" */;
			buildPhases = (
				0636593A27DF4EA3002B2D69 /* Sources */,
				0636593B27DF4EA3002B2D69 /* Frameworks */,
				0636593C27DF4EA3002B2D69 /* Resources */,
			);
			buildRules = (
			);
			dependencies = (
				0636594327DF4EA3002B2D69 /* PBXTargetDependency */,
			);
			name = CountOnMeTests;
			productName = CountOnMeTests;
			productReference = 0636593E27DF4EA3002B2D69 /* CountOnMeTests.xctest */;
			productType = "com.apple.product-type.bundle.unit-test";
		};
		1FA43BCE224E569900F565CB /* CountOnMe */ = {
			isa = PBXNativeTarget;
			buildConfigurationList = 1FA43BF7224E569A00F565CB /* Build configuration list for PBXNativeTarget "CountOnMe" */;
			buildPhases = (
				1FA43BCB224E569900F565CB /* Sources */,
				1FA43BCC224E569900F565CB /* Frameworks */,
				1FA43BCD224E569900F565CB /* Resources */,
			);
			buildRules = (
			);
			dependencies = (
			);
			name = CountOnMe;
			productName = SimpleCalc;
			productReference = 1FA43BCF224E569900F565CB /* CountOnMe.app */;
			productType = "com.apple.product-type.application";
		};
/* End PBXNativeTarget section */

/* Begin PBXProject section */
		1FA43BC7224E569900F565CB /* Project object */ = {
			isa = PBXProject;
			attributes = {
				LastSwiftUpdateCheck = 1320;
				LastUpgradeCheck = 1330;
				ORGANIZATIONNAME = "Vincent Saluzzo";
				TargetAttributes = {
					0636593D27DF4EA3002B2D69 = {
						CreatedOnToolsVersion = 13.2.1;
						TestTargetID = 1FA43BCE224E569900F565CB;
					};
					1FA43BCE224E569900F565CB = {
						CreatedOnToolsVersion = 10.2;
					};
				};
			};
			buildConfigurationList = 1FA43BCA224E569900F565CB /* Build configuration list for PBXProject "CountOnMe" */;
			compatibilityVersion = "Xcode 9.3";
			developmentRegion = en;
			hasScannedForEncodings = 0;
			knownRegions = (
				en,
				Base,
			);
			mainGroup = 1FA43BC6224E569900F565CB;
			productRefGroup = 1FA43BD0224E569900F565CB /* Products */;
			projectDirPath = "";
			projectRoot = "";
			targets = (
				1FA43BCE224E569900F565CB /* CountOnMe */,
				0636593D27DF4EA3002B2D69 /* CountOnMeTests */,
			);
		};
/* End PBXProject section */

/* Begin PBXResourcesBuildPhase section */
		0636593C27DF4EA3002B2D69 /* Resources */ = {
			isa = PBXResourcesBuildPhase;
			buildActionMask = 2147483647;
			files = (
			);
			runOnlyForDeploymentPostprocessing = 0;
		};
		1FA43BCD224E569900F565CB /* Resources */ = {
			isa = PBXResourcesBuildPhase;
			buildActionMask = 2147483647;
			files = (
				1FA43BDD224E569A00F565CB /* LaunchScreen.storyboard in Resources */,
				1FA43BDA224E569A00F565CB /* Assets.xcassets in Resources */,
				1FA43BD8224E569900F565CB /* Main.storyboard in Resources */,
			);
			runOnlyForDeploymentPostprocessing = 0;
		};
/* End PBXResourcesBuildPhase section */

/* Begin PBXSourcesBuildPhase section */
		0636593A27DF4EA3002B2D69 /* Sources */ = {
			isa = PBXSourcesBuildPhase;
			buildActionMask = 2147483647;
			files = (
				0636594127DF4EA3002B2D69 /* CountOnMeTests.swift in Sources */,
			);
			runOnlyForDeploymentPostprocessing = 0;
		};
		1FA43BCB224E569900F565CB /* Sources */ = {
			isa = PBXSourcesBuildPhase;
			buildActionMask = 2147483647;
			files = (
				1FA43BD5224E569900F565CB /* ViewController.swift in Sources */,
				0636594827E09AB6002B2D69 /* Notification.swift in Sources */,
				0636593927DF4842002B2D69 /* Operand.swift in Sources */,
				1FA43BD3224E569900F565CB /* AppDelegate.swift in Sources */,
				06A559AA27D7C6A900FC95B6 /* Calculator.swift in Sources */,
			);
			runOnlyForDeploymentPostprocessing = 0;
		};
/* End PBXSourcesBuildPhase section */

/* Begin PBXTargetDependency section */
		0636594327DF4EA3002B2D69 /* PBXTargetDependency */ = {
			isa = PBXTargetDependency;
			target = 1FA43BCE224E569900F565CB /* CountOnMe */;
			targetProxy = 0636594227DF4EA3002B2D69 /* PBXContainerItemProxy */;
		};
/* End PBXTargetDependency section */

/* Begin PBXVariantGroup section */
		1FA43BD6224E569900F565CB /* Main.storyboard */ = {
			isa = PBXVariantGroup;
			children = (
				1FA43BD7224E569900F565CB /* Base */,
			);
			name = Main.storyboard;
			sourceTree = "<group>";
		};
		1FA43BDB224E569A00F565CB /* LaunchScreen.storyboard */ = {
			isa = PBXVariantGroup;
			children = (
				1FA43BDC224E569A00F565CB /* Base */,
			);
			name = LaunchScreen.storyboard;
			sourceTree = "<group>";
		};
/* End PBXVariantGroup section */

/* Begin XCBuildConfiguration section */
		0636594527DF4EA3002B2D69 /* Debug */ = {
			isa = XCBuildConfiguration;
			buildSettings = {
				BUNDLE_LOADER = "$(TEST_HOST)";
				CLANG_CXX_LANGUAGE_STANDARD = "gnu++17";
				CODE_SIGN_STYLE = Automatic;
				CURRENT_PROJECT_VERSION = 1;
				DEVELOPMENT_TEAM = 6MAUVS763K;
				GENERATE_INFOPLIST_FILE = YES;
				IPHONEOS_DEPLOYMENT_TARGET = 15.2;
				MARKETING_VERSION = 1.0;
				PRODUCT_BUNDLE_IDENTIFIER = com.desyntic.CountOnMeTests;
				PRODUCT_NAME = "$(TARGET_NAME)";
				SWIFT_EMIT_LOC_STRINGS = NO;
				SWIFT_VERSION = 5.0;
				TARGETED_DEVICE_FAMILY = "1,2";
				TEST_HOST = "$(BUILT_PRODUCTS_DIR)/CountOnMe.app/CountOnMe";
			};
			name = Debug;
		};
		0636594627DF4EA3002B2D69 /* Release */ = {
			isa = XCBuildConfiguration;
			buildSettings = {
				BUNDLE_LOADER = "$(TEST_HOST)";
				CLANG_CXX_LANGUAGE_STANDARD = "gnu++17";
				CODE_SIGN_STYLE = Automatic;
				CURRENT_PROJECT_VERSION = 1;
				DEVELOPMENT_TEAM = 6MAUVS763K;
				GENERATE_INFOPLIST_FILE = YES;
				IPHONEOS_DEPLOYMENT_TARGET = 15.2;
				MARKETING_VERSION = 1.0;
				PRODUCT_BUNDLE_IDENTIFIER = com.desyntic.CountOnMeTests;
				PRODUCT_NAME = "$(TARGET_NAME)";
				SWIFT_EMIT_LOC_STRINGS = NO;
				SWIFT_VERSION = 5.0;
				TARGETED_DEVICE_FAMILY = "1,2";
				TEST_HOST = "$(BUILT_PRODUCTS_DIR)/CountOnMe.app/CountOnMe";
			};
			name = Release;
		};
		1FA43BF5224E569A00F565CB /* Debug */ = {
			isa = XCBuildConfiguration;
			buildSettings = {
				ALWAYS_SEARCH_USER_PATHS = NO;
				CLANG_ANALYZER_NONNULL = YES;
				CLANG_ANALYZER_NUMBER_OBJECT_CONVERSION = YES_AGGRESSIVE;
				CLANG_CXX_LANGUAGE_STANDARD = "gnu++14";
				CLANG_CXX_LIBRARY = "libc++";
				CLANG_ENABLE_MODULES = YES;
				CLANG_ENABLE_OBJC_ARC = YES;
				CLANG_ENABLE_OBJC_WEAK = YES;
				CLANG_WARN_BLOCK_CAPTURE_AUTORELEASING = YES;
				CLANG_WARN_BOOL_CONVERSION = YES;
				CLANG_WARN_COMMA = YES;
				CLANG_WARN_CONSTANT_CONVERSION = YES;
				CLANG_WARN_DEPRECATED_OBJC_IMPLEMENTATIONS = YES;
				CLANG_WARN_DIRECT_OBJC_ISA_USAGE = YES_ERROR;
				CLANG_WARN_DOCUMENTATION_COMMENTS = YES;
				CLANG_WARN_EMPTY_BODY = YES;
				CLANG_WARN_ENUM_CONVERSION = YES;
				CLANG_WARN_INFINITE_RECURSION = YES;
				CLANG_WARN_INT_CONVERSION = YES;
				CLANG_WARN_NON_LITERAL_NULL_CONVERSION = YES;
				CLANG_WARN_OBJC_IMPLICIT_RETAIN_SELF = YES;
				CLANG_WARN_OBJC_LITERAL_CONVERSION = YES;
				CLANG_WARN_OBJC_ROOT_CLASS = YES_ERROR;
				CLANG_WARN_QUOTED_INCLUDE_IN_FRAMEWORK_HEADER = YES;
				CLANG_WARN_RANGE_LOOP_ANALYSIS = YES;
				CLANG_WARN_STRICT_PROTOTYPES = YES;
				CLANG_WARN_SUSPICIOUS_MOVE = YES;
				CLANG_WARN_UNGUARDED_AVAILABILITY = YES_AGGRESSIVE;
				CLANG_WARN_UNREACHABLE_CODE = YES;
				CLANG_WARN__DUPLICATE_METHOD_MATCH = YES;
				CODE_SIGN_IDENTITY = "iPhone Developer";
				COPY_PHASE_STRIP = NO;
				DEBUG_INFORMATION_FORMAT = dwarf;
				ENABLE_STRICT_OBJC_MSGSEND = YES;
				ENABLE_TESTABILITY = YES;
				GCC_C_LANGUAGE_STANDARD = gnu11;
				GCC_DYNAMIC_NO_PIC = NO;
				GCC_NO_COMMON_BLOCKS = YES;
				GCC_OPTIMIZATION_LEVEL = 0;
				GCC_PREPROCESSOR_DEFINITIONS = (
					"DEBUG=1",
					"$(inherited)",
				);
				GCC_WARN_64_TO_32_BIT_CONVERSION = YES;
				GCC_WARN_ABOUT_RETURN_TYPE = YES_ERROR;
				GCC_WARN_UNDECLARED_SELECTOR = YES;
				GCC_WARN_UNINITIALIZED_AUTOS = YES_AGGRESSIVE;
				GCC_WARN_UNUSED_FUNCTION = YES;
				GCC_WARN_UNUSED_VARIABLE = YES;
				IPHONEOS_DEPLOYMENT_TARGET = 11.0;
				MTL_ENABLE_DEBUG_INFO = INCLUDE_SOURCE;
				MTL_FAST_MATH = YES;
				ONLY_ACTIVE_ARCH = YES;
				SDKROOT = iphoneos;
				SWIFT_ACTIVE_COMPILATION_CONDITIONS = DEBUG;
				SWIFT_OPTIMIZATION_LEVEL = "-Onone";
			};
			name = Debug;
		};
		1FA43BF6224E569A00F565CB /* Release */ = {
			isa = XCBuildConfiguration;
			buildSettings = {
				ALWAYS_SEARCH_USER_PATHS = NO;
				CLANG_ANALYZER_NONNULL = YES;
				CLANG_ANALYZER_NUMBER_OBJECT_CONVERSION = YES_AGGRESSIVE;
				CLANG_CXX_LANGUAGE_STANDARD = "gnu++14";
				CLANG_CXX_LIBRARY = "libc++";
				CLANG_ENABLE_MODULES = YES;
				CLANG_ENABLE_OBJC_ARC = YES;
				CLANG_ENABLE_OBJC_WEAK = YES;
				CLANG_WARN_BLOCK_CAPTURE_AUTORELEASING = YES;
				CLANG_WARN_BOOL_CONVERSION = YES;
				CLANG_WARN_COMMA = YES;
				CLANG_WARN_CONSTANT_CONVERSION = YES;
				CLANG_WARN_DEPRECATED_OBJC_IMPLEMENTATIONS = YES;
				CLANG_WARN_DIRECT_OBJC_ISA_USAGE = YES_ERROR;
				CLANG_WARN_DOCUMENTATION_COMMENTS = YES;
				CLANG_WARN_EMPTY_BODY = YES;
				CLANG_WARN_ENUM_CONVERSION = YES;
				CLANG_WARN_INFINITE_RECURSION = YES;
				CLANG_WARN_INT_CONVERSION = YES;
				CLANG_WARN_NON_LITERAL_NULL_CONVERSION = YES;
				CLANG_WARN_OBJC_IMPLICIT_RETAIN_SELF = YES;
				CLANG_WARN_OBJC_LITERAL_CONVERSION = YES;
				CLANG_WARN_OBJC_ROOT_CLASS = YES_ERROR;
				CLANG_WARN_QUOTED_INCLUDE_IN_FRAMEWORK_HEADER = YES;
				CLANG_WARN_RANGE_LOOP_ANALYSIS = YES;
				CLANG_WARN_STRICT_PROTOTYPES = YES;
				CLANG_WARN_SUSPICIOUS_MOVE = YES;
				CLANG_WARN_UNGUARDED_AVAILABILITY = YES_AGGRESSIVE;
				CLANG_WARN_UNREACHABLE_CODE = YES;
				CLANG_WARN__DUPLICATE_METHOD_MATCH = YES;
				CODE_SIGN_IDENTITY = "iPhone Developer";
				COPY_PHASE_STRIP = NO;
				DEBUG_INFORMATION_FORMAT = "dwarf-with-dsym";
				ENABLE_NS_ASSERTIONS = NO;
				ENABLE_STRICT_OBJC_MSGSEND = YES;
				GCC_C_LANGUAGE_STANDARD = gnu11;
				GCC_NO_COMMON_BLOCKS = YES;
				GCC_WARN_64_TO_32_BIT_CONVERSION = YES;
				GCC_WARN_ABOUT_RETURN_TYPE = YES_ERROR;
				GCC_WARN_UNDECLARED_SELECTOR = YES;
				GCC_WARN_UNINITIALIZED_AUTOS = YES_AGGRESSIVE;
				GCC_WARN_UNUSED_FUNCTION = YES;
				GCC_WARN_UNUSED_VARIABLE = YES;
				IPHONEOS_DEPLOYMENT_TARGET = 11.0;
				MTL_ENABLE_DEBUG_INFO = NO;
				MTL_FAST_MATH = YES;
				SDKROOT = iphoneos;
				SWIFT_COMPILATION_MODE = wholemodule;
				SWIFT_OPTIMIZATION_LEVEL = "-O";
				VALIDATE_PRODUCT = YES;
			};
			name = Release;
		};
		1FA43BF8224E569A00F565CB /* Debug */ = {
			isa = XCBuildConfiguration;
			buildSettings = {
				ASSETCATALOG_COMPILER_APPICON_NAME = AppIcon;
				CODE_SIGN_STYLE = Automatic;
				DEVELOPMENT_TEAM = 6MAUVS763K;
				INFOPLIST_FILE = "$(SRCROOT)/CountOnMe/Supporting files/Info.plist";
				IPHONEOS_DEPLOYMENT_TARGET = 12.0;
				LD_RUNPATH_SEARCH_PATHS = (
					"$(inherited)",
					"@executable_path/Frameworks",
				);
				PRODUCT_BUNDLE_IDENTIFIER = com.desyntic.CountOnMe;
				PRODUCT_NAME = "$(TARGET_NAME)";
				SWIFT_VERSION = 5.0;
				TARGETED_DEVICE_FAMILY = 1;
			};
			name = Debug;
		};
		1FA43BF9224E569A00F565CB /* Release */ = {
			isa = XCBuildConfiguration;
			buildSettings = {
				ASSETCATALOG_COMPILER_APPICON_NAME = AppIcon;
				CODE_SIGN_STYLE = Automatic;
				DEVELOPMENT_TEAM = 6MAUVS763K;
				INFOPLIST_FILE = "$(SRCROOT)/CountOnMe/Supporting files/Info.plist";
				IPHONEOS_DEPLOYMENT_TARGET = 12.0;
				LD_RUNPATH_SEARCH_PATHS = (
					"$(inherited)",
					"@executable_path/Frameworks",
				);
				PRODUCT_BUNDLE_IDENTIFIER = com.desyntic.CountOnMe;
				PRODUCT_NAME = "$(TARGET_NAME)";
				SWIFT_VERSION = 5.0;
				TARGETED_DEVICE_FAMILY = 1;
			};
			name = Release;
		};
/* End XCBuildConfiguration section */

/* Begin XCConfigurationList section */
		0636594427DF4EA3002B2D69 /* Build configuration list for PBXNativeTarget "CountOnMeTests" */ = {
			isa = XCConfigurationList;
			buildConfigurations = (
				0636594527DF4EA3002B2D69 /* Debug */,
				0636594627DF4EA3002B2D69 /* Release */,
			);
			defaultConfigurationIsVisible = 0;
			defaultConfigurationName = Release;
		};
		1FA43BCA224E569900F565CB /* Build configuration list for PBXProject "CountOnMe" */ = {
			isa = XCConfigurationList;
			buildConfigurations = (
				1FA43BF5224E569A00F565CB /* Debug */,
				1FA43BF6224E569A00F565CB /* Release */,
			);
			defaultConfigurationIsVisible = 0;
			defaultConfigurationName = Release;
		};
		1FA43BF7224E569A00F565CB /* Build configuration list for PBXNativeTarget "CountOnMe" */ = {
			isa = XCConfigurationList;
			buildConfigurations = (
				1FA43BF8224E569A00F565CB /* Debug */,
				1FA43BF9224E569A00F565CB /* Release */,
			);
			defaultConfigurationIsVisible = 0;
			defaultConfigurationName = Release;
		};
/* End XCConfigurationList section */
	};
	rootObject = 1FA43BC7224E569900F565CB /* Project object */;
}
